
Microsoft Visual Studio Solution File, Format Version 12.00
# Visual Studio Version 17
VisualStudioVersion = 17.7.34031.279
MinimumVisualStudioVersion = 10.0.40219.1
Project("{FAE04EC0-301F-11D3-BF4B-00C04F79EFBC}") = "SurevyPoC", "SurevyPoC.csproj", "{B0C90265-4673-4EC7-9745-BB6E00D773D0}"
EndProject
Global
	GlobalSection(SolutionConfigurationPlatforms) = preSolution
		Debug|Any CPU = Debug|Any CPU
		Release|Any CPU = Release|Any CPU
	EndGlobalSection
	GlobalSection(ProjectConfigurationPlatforms) = postSolution
		{B0C90265-4673-4EC7-9745-BB6E00D773D0}.Debug|Any CPU.ActiveCfg = Debug|Any CPU
		{B0C90265-4673-4EC7-9745-BB6E00D773D0}.Debug|Any CPU.Build.0 = Debug|Any CPU
		{B0C90265-4673-4EC7-9745-BB6E00D773D0}.Release|Any CPU.ActiveCfg = Release|Any CPU
		{B0C90265-4673-4EC7-9745-BB6E00D773D0}.Release|Any CPU.Build.0 = Release|Any CPU
	EndGlobalSection
	GlobalSection(SolutionProperties) = preSolution
		HideSolutionNode = FALSE
	EndGlobalSection
	GlobalSection(ExtensibilityGlobals) = postSolution
		SolutionGuid = {3C7C775C-1344-4A1F-96F4-2B330EFB3FFB}
	EndGlobalSection
EndGlobal
